
Microsoft Visual Studio Solution File, Format Version 12.00
# Visual Studio Version 16
VisualStudioVersion = 16.0.30907.101
MinimumVisualStudioVersion = 10.0.40219.1
Project("{FAE04EC0-301F-11D3-BF4B-00C04F79EFBC}") = "Study_Queue", "Study_Queue.csproj", "{D759BE23-5A37-432C-B5FD-A1D341E59121}"
EndProject
Global
	GlobalSection(SolutionConfigurationPlatforms) = preSolution
		Debug|Any CPU = Debug|Any CPU
		Release|Any CPU = Release|Any CPU
	EndGlobalSection
	GlobalSection(ProjectConfigurationPlatforms) = postSolution
		{D759BE23-5A37-432C-B5FD-A1D341E59121}.Debug|Any CPU.ActiveCfg = Debug|Any CPU
		{D759BE23-5A37-432C-B5FD-A1D341E59121}.Debug|Any CPU.Build.0 = Debug|Any CPU
		{D759BE23-5A37-432C-B5FD-A1D341E59121}.Release|Any CPU.ActiveCfg = Release|Any CPU
		{D759BE23-5A37-432C-B5FD-A1D341E59121}.Release|Any CPU.Build.0 = Release|Any CPU
	EndGlobalSection
	GlobalSection(SolutionProperties) = preSolution
		HideSolutionNode = FALSE
	EndGlobalSection
	GlobalSection(ExtensibilityGlobals) = postSolution
		SolutionGuid = {C0F82334-2A31-4F53-AD35-F878472FA1BD}
	EndGlobalSection
EndGlobal
